[{<<"goldrush">>,
  {git,"git://github.com/DeadZen/goldrush.git",
       {ref,"71e63212f12c25827e0c1b4198d37d5d018a7fec"}},
  1},
 {<<"lager">>,
  {git,"git://github.com/basho/lager",
       {ref,"b6b6cebcb27ccff8acc59ae775acebc2f52e4926"}},
  0},
 {<<"lager_syslog">>,
  {git,"git://github.com/basho/lager_syslog",
       {ref,"fa2e7e3daee0d0a59dadb820fd3381eac4a65770"}},
  0},
 {<<"syslog">>,
  {git,"git://github.com/Vagabond/erlang-syslog.git",
       {ref,"918c9b453e0811b24f2c99b35b712b0ef9f29c7e"}},
  1}].
